
Microsoft Visual Studio Solution File, Format Version 12.00
# Visual Studio 2012
Project("{FAE04EC0-301F-11D3-BF4B-00C04F79EFBC}") = "App_ClaseString", "Ejemplo\App_ClaseString.csproj", "{B797A586-9ED8-45CF-BE87-A3AAD1E673C2}"
EndProject
Global
	GlobalSection(SolutionConfigurationPlatforms) = preSolution
		Debug|Any CPU = Debug|Any CPU
		Release|Any CPU = Release|Any CPU
	EndGlobalSection
	GlobalSection(ProjectConfigurationPlatforms) = postSolution
		{B797A586-9ED8-45CF-BE87-A3AAD1E673C2}.Debug|Any CPU.ActiveCfg = Debug|Any CPU
		{B797A586-9ED8-45CF-BE87-A3AAD1E673C2}.Debug|Any CPU.Build.0 = Debug|Any CPU
		{B797A586-9ED8-45CF-BE87-A3AAD1E673C2}.Release|Any CPU.ActiveCfg = Release|Any CPU
		{B797A586-9ED8-45CF-BE87-A3AAD1E673C2}.Release|Any CPU.Build.0 = Release|Any CPU
	EndGlobalSection
	GlobalSection(SolutionProperties) = preSolution
		HideSolutionNode = FALSE
	EndGlobalSection
EndGlobal
