
Microsoft Visual Studio Solution File, Format Version 12.00
# Visual Studio 2012
Project("{FAE04EC0-301F-11D3-BF4B-00C04F79EFBC}") = "Pecera", "Pecera\Pecera.csproj", "{C68A7472-5EA7-41CB-AF68-C55EC97C468B}"
EndProject
Project("{FAE04EC0-301F-11D3-BF4B-00C04F79EFBC}") = "PeceraSinArray", "PeceraSinArray\PeceraSinArray.csproj", "{001259EA-5F4C-4343-BB85-AEFF37C7D24E}"
EndProject
Global
	GlobalSection(SolutionConfigurationPlatforms) = preSolution
		Debug|Any CPU = Debug|Any CPU
		Release|Any CPU = Release|Any CPU
	EndGlobalSection
	GlobalSection(ProjectConfigurationPlatforms) = postSolution
		{C68A7472-5EA7-41CB-AF68-C55EC97C468B}.Debug|Any CPU.ActiveCfg = Debug|Any CPU
		{C68A7472-5EA7-41CB-AF68-C55EC97C468B}.Debug|Any CPU.Build.0 = Debug|Any CPU
		{C68A7472-5EA7-41CB-AF68-C55EC97C468B}.Release|Any CPU.ActiveCfg = Release|Any CPU
		{C68A7472-5EA7-41CB-AF68-C55EC97C468B}.Release|Any CPU.Build.0 = Release|Any CPU
		{001259EA-5F4C-4343-BB85-AEFF37C7D24E}.Debug|Any CPU.ActiveCfg = Debug|Any CPU
		{001259EA-5F4C-4343-BB85-AEFF37C7D24E}.Debug|Any CPU.Build.0 = Debug|Any CPU
		{001259EA-5F4C-4343-BB85-AEFF37C7D24E}.Release|Any CPU.ActiveCfg = Release|Any CPU
		{001259EA-5F4C-4343-BB85-AEFF37C7D24E}.Release|Any CPU.Build.0 = Release|Any CPU
	EndGlobalSection
	GlobalSection(SolutionProperties) = preSolution
		HideSolutionNode = FALSE
	EndGlobalSection
EndGlobal
