
Microsoft Visual Studio Solution File, Format Version 12.00
# Visual Studio 2012
Project("{FAE04EC0-301F-11D3-BF4B-00C04F79EFBC}") = "Relacion_3-18", "Relacion_3-18\Relacion_3-18.csproj", "{038F82A7-1A6F-4DE3-82F6-61E28C73D2C4}"
EndProject
Global
	GlobalSection(SolutionConfigurationPlatforms) = preSolution
		Debug|Any CPU = Debug|Any CPU
		Release|Any CPU = Release|Any CPU
	EndGlobalSection
	GlobalSection(ProjectConfigurationPlatforms) = postSolution
		{038F82A7-1A6F-4DE3-82F6-61E28C73D2C4}.Debug|Any CPU.ActiveCfg = Debug|Any CPU
		{038F82A7-1A6F-4DE3-82F6-61E28C73D2C4}.Debug|Any CPU.Build.0 = Debug|Any CPU
		{038F82A7-1A6F-4DE3-82F6-61E28C73D2C4}.Release|Any CPU.ActiveCfg = Release|Any CPU
		{038F82A7-1A6F-4DE3-82F6-61E28C73D2C4}.Release|Any CPU.Build.0 = Release|Any CPU
	EndGlobalSection
	GlobalSection(SolutionProperties) = preSolution
		HideSolutionNode = FALSE
	EndGlobalSection
EndGlobal
