
Microsoft Visual Studio Solution File, Format Version 12.00
# Visual Studio 2012
Project("{FAE04EC0-301F-11D3-BF4B-00C04F79EFBC}") = "App_StreamReader", "App_StreamReader\App_StreamReader.csproj", "{5BDF5933-C040-4227-A237-201C54797EED}"
EndProject
Global
	GlobalSection(SolutionConfigurationPlatforms) = preSolution
		Debug|Any CPU = Debug|Any CPU
		Release|Any CPU = Release|Any CPU
	EndGlobalSection
	GlobalSection(ProjectConfigurationPlatforms) = postSolution
		{5BDF5933-C040-4227-A237-201C54797EED}.Debug|Any CPU.ActiveCfg = Debug|Any CPU
		{5BDF5933-C040-4227-A237-201C54797EED}.Debug|Any CPU.Build.0 = Debug|Any CPU
		{5BDF5933-C040-4227-A237-201C54797EED}.Release|Any CPU.ActiveCfg = Release|Any CPU
		{5BDF5933-C040-4227-A237-201C54797EED}.Release|Any CPU.Build.0 = Release|Any CPU
	EndGlobalSection
	GlobalSection(SolutionProperties) = preSolution
		HideSolutionNode = FALSE
	EndGlobalSection
EndGlobal
