
Microsoft Visual Studio Solution File, Format Version 12.00
# Visual Studio 2012
Project("{FAE04EC0-301F-11D3-BF4B-00C04F79EFBC}") = "App_jugandoConTipos", "App_jugandoConTipos\App_jugandoConTipos.csproj", "{F8AB3388-8C42-4C22-857A-E85F82CCF522}"
EndProject
Project("{FAE04EC0-301F-11D3-BF4B-00C04F79EFBC}") = "App_Estructuras", "App_Estructuras\App_Estructuras.csproj", "{CF342C5B-71C8-4D0D-AB53-F5FF10D33C12}"
EndProject
Project("{FAE04EC0-301F-11D3-BF4B-00C04F79EFBC}") = "App_Arrays", "App_Arrays\App_Arrays.csproj", "{A33E4A34-88F9-471F-A153-3C74C03919EC}"
EndProject
Global
	GlobalSection(SolutionConfigurationPlatforms) = preSolution
		Debug|Any CPU = Debug|Any CPU
		Release|Any CPU = Release|Any CPU
	EndGlobalSection
	GlobalSection(ProjectConfigurationPlatforms) = postSolution
		{F8AB3388-8C42-4C22-857A-E85F82CCF522}.Debug|Any CPU.ActiveCfg = Debug|Any CPU
		{F8AB3388-8C42-4C22-857A-E85F82CCF522}.Debug|Any CPU.Build.0 = Debug|Any CPU
		{F8AB3388-8C42-4C22-857A-E85F82CCF522}.Release|Any CPU.ActiveCfg = Release|Any CPU
		{F8AB3388-8C42-4C22-857A-E85F82CCF522}.Release|Any CPU.Build.0 = Release|Any CPU
		{CF342C5B-71C8-4D0D-AB53-F5FF10D33C12}.Debug|Any CPU.ActiveCfg = Debug|Any CPU
		{CF342C5B-71C8-4D0D-AB53-F5FF10D33C12}.Debug|Any CPU.Build.0 = Debug|Any CPU
		{CF342C5B-71C8-4D0D-AB53-F5FF10D33C12}.Release|Any CPU.ActiveCfg = Release|Any CPU
		{CF342C5B-71C8-4D0D-AB53-F5FF10D33C12}.Release|Any CPU.Build.0 = Release|Any CPU
		{A33E4A34-88F9-471F-A153-3C74C03919EC}.Debug|Any CPU.ActiveCfg = Debug|Any CPU
		{A33E4A34-88F9-471F-A153-3C74C03919EC}.Debug|Any CPU.Build.0 = Debug|Any CPU
		{A33E4A34-88F9-471F-A153-3C74C03919EC}.Release|Any CPU.ActiveCfg = Release|Any CPU
		{A33E4A34-88F9-471F-A153-3C74C03919EC}.Release|Any CPU.Build.0 = Release|Any CPU
	EndGlobalSection
	GlobalSection(SolutionProperties) = preSolution
		HideSolutionNode = FALSE
	EndGlobalSection
EndGlobal
